// !$*UTF8*$!
{
	archiveVersion = 1;
	classes = {
	};
	objectVersion = 46;
	objects = {

/* Begin PBXBuildFile section */
		904EB9F30BD07C1CA861A306 /* Pods_JukeTests.framework in Frameworks */ = {isa = PBXBuildFile; fileRef = 7BD34125C3F0CFC42EB8808B /* Pods_JukeTests.framework */; };
		96250A761D5FAEFA0029E366 /* AppDelegate.swift in Sources */ = {isa = PBXBuildFile; fileRef = 96250A751D5FAEFA0029E366 /* AppDelegate.swift */; };
		96250A781D5FAEFA0029E366 /* ViewController.swift in Sources */ = {isa = PBXBuildFile; fileRef = 96250A771D5FAEFA0029E366 /* ViewController.swift */; };
		96250A7E1D5FAEFA0029E366 /* Juke.xcdatamodeld in Sources */ = {isa = PBXBuildFile; fileRef = 96250A7C1D5FAEFA0029E366 /* Juke.xcdatamodeld */; };
		96250A801D5FAEFA0029E366 /* Assets.xcassets in Resources */ = {isa = PBXBuildFile; fileRef = 96250A7F1D5FAEFA0029E366 /* Assets.xcassets */; };
		96250A831D5FAEFA0029E366 /* LaunchScreen.storyboard in Resources */ = {isa = PBXBuildFile; fileRef = 96250A811D5FAEFA0029E366 /* LaunchScreen.storyboard */; };
		96250A8E1D5FAEFB0029E366 /* JukeTests.swift in Sources */ = {isa = PBXBuildFile; fileRef = 96250A8D1D5FAEFB0029E366 /* JukeTests.swift */; };
		96250A9C1D5FAF0D0029E366 /* Spotify.swift in Sources */ = {isa = PBXBuildFile; fileRef = 96250A9A1D5FAF0D0029E366 /* Spotify.swift */; };
		96FA55561D624EF100B9391F /* ArrayDataSource.swift in Sources */ = {isa = PBXBuildFile; fileRef = 96FA55501D624EF100B9391F /* ArrayDataSource.swift */; };
		96FA55571D624EF100B9391F /* HTTP.swift in Sources */ = {isa = PBXBuildFile; fileRef = 96FA55511D624EF100B9391F /* HTTP.swift */; };
		96FA55581D624EF100B9391F /* ImageLoad.swift in Sources */ = {isa = PBXBuildFile; fileRef = 96FA55521D624EF100B9391F /* ImageLoad.swift */; };
		96FA55591D624EF100B9391F /* Int+Memory.swift in Sources */ = {isa = PBXBuildFile; fileRef = 96FA55531D624EF100B9391F /* Int+Memory.swift */; };
		96FA555A1D624EF100B9391F /* Methods.swift in Sources */ = {isa = PBXBuildFile; fileRef = 96FA55541D624EF100B9391F /* Methods.swift */; };
		96FA555B1D624EF100B9391F /* RemoteImageView.swift in Sources */ = {isa = PBXBuildFile; fileRef = 96FA55551D624EF100B9391F /* RemoteImageView.swift */; };
		96FA555D1D62A92B00B9391F /* FavoriteRepo.swift in Sources */ = {isa = PBXBuildFile; fileRef = 96FA555C1D62A92A00B9391F /* FavoriteRepo.swift */; };
		96FA55601D62AE7800B9391F /* AlbumCell.swift in Sources */ = {isa = PBXBuildFile; fileRef = 96FA555F1D62AE7800B9391F /* AlbumCell.swift */; };
		B4117F802DE88127DCE104A2 /* Pods_Juke.framework in Frameworks */ = {isa = PBXBuildFile; fileRef = D5141BD6571F3784C37BF845 /* Pods_Juke.framework */; };
/* End PBXBuildFile section */

/* Begin PBXContainerItemProxy section */
		96250A8A1D5FAEFB0029E366 /* PBXContainerItemProxy */ = {
			isa = PBXContainerItemProxy;
			containerPortal = 96250A6A1D5FAEFA0029E366 /* Project object */;
			proxyType = 1;
			remoteGlobalIDString = 96250A711D5FAEFA0029E366;
			remoteInfo = Juke;
		};
/* End PBXContainerItemProxy section */

/* Begin PBXFileReference section */
		37026CBBF01ADF7F56C4CF94 /* Pods-JukeTests.debug.xcconfig */ = {isa = PBXFileReference; includeInIndex = 1; lastKnownFileType = text.xcconfig; name = "Pods-JukeTests.debug.xcconfig"; path = "Pods/Target Support Files/Pods-JukeTests/Pods-JukeTests.debug.xcconfig"; sourceTree = "<group>"; };
		41213106513CFEA24F3600ED /* Pods-JukeTests.release.xcconfig */ = {isa = PBXFileReference; includeInIndex = 1; lastKnownFileType = text.xcconfig; name = "Pods-JukeTests.release.xcconfig"; path = "Pods/Target Support Files/Pods-JukeTests/Pods-JukeTests.release.xcconfig"; sourceTree = "<group>"; };
		7BD34125C3F0CFC42EB8808B /* Pods_JukeTests.framework */ = {isa = PBXFileReference; explicitFileType = wrapper.framework; includeInIndex = 0; path = Pods_JukeTests.framework; sourceTree = BUILT_PRODUCTS_DIR; };
		96250A721D5FAEFA0029E366 /* Juke.app */ = {isa = PBXFileReference; explicitFileType = wrapper.application; includeInIndex = 0; path = Juke.app; sourceTree = BUILT_PRODUCTS_DIR; };
		96250A751D5FAEFA0029E366 /* AppDelegate.swift */ = {isa = PBXFileReference; lastKnownFileType = sourcecode.swift; path = AppDelegate.swift; sourceTree = "<group>"; };
		96250A771D5FAEFA0029E366 /* ViewController.swift */ = {isa = PBXFileReference; lastKnownFileType = sourcecode.swift; path = ViewController.swift; sourceTree = "<group>"; };
		96250A7D1D5FAEFA0029E366 /* Juke.xcdatamodel */ = {isa = PBXFileReference; lastKnownFileType = wrapper.xcdatamodel; path = Juke.xcdatamodel; sourceTree = "<group>"; };
		96250A7F1D5FAEFA0029E366 /* Assets.xcassets */ = {isa = PBXFileReference; lastKnownFileType = folder.assetcatalog; path = Assets.xcassets; sourceTree = "<group>"; };
		96250A821D5FAEFA0029E366 /* Base */ = {isa = PBXFileReference; lastKnownFileType = file.storyboard; name = Base; path = Base.lproj/LaunchScreen.storyboard; sourceTree = "<group>"; };
		96250A841D5FAEFA0029E366 /* Info.plist */ = {isa = PBXFileReference; lastKnownFileType = text.plist.xml; path = Info.plist; sourceTree = "<group>"; };
		96250A891D5FAEFB0029E366 /* JukeTests.xctest */ = {isa = PBXFileReference; explicitFileType = wrapper.cfbundle; includeInIndex = 0; path = JukeTests.xctest; sourceTree = BUILT_PRODUCTS_DIR; };
		96250A8D1D5FAEFB0029E366 /* JukeTests.swift */ = {isa = PBXFileReference; lastKnownFileType = sourcecode.swift; path = JukeTests.swift; sourceTree = "<group>"; };
		96250A8F1D5FAEFB0029E366 /* Info.plist */ = {isa = PBXFileReference; lastKnownFileType = text.plist.xml; path = Info.plist; sourceTree = "<group>"; };
		96250A9A1D5FAF0D0029E366 /* Spotify.swift */ = {isa = PBXFileReference; fileEncoding = 4; lastKnownFileType = sourcecode.swift; path = Spotify.swift; sourceTree = "<group>"; };
		96FA55501D624EF100B9391F /* ArrayDataSource.swift */ = {isa = PBXFileReference; fileEncoding = 4; lastKnownFileType = sourcecode.swift; name = ArrayDataSource.swift; path = PreFab/ArrayDataSource.swift; sourceTree = "<group>"; };
		96FA55511D624EF100B9391F /* HTTP.swift */ = {isa = PBXFileReference; fileEncoding = 4; lastKnownFileType = sourcecode.swift; name = HTTP.swift; path = PreFab/HTTP.swift; sourceTree = "<group>"; };
		96FA55521D624EF100B9391F /* ImageLoad.swift */ = {isa = PBXFileReference; fileEncoding = 4; lastKnownFileType = sourcecode.swift; name = ImageLoad.swift; path = PreFab/ImageLoad.swift; sourceTree = "<group>"; };
		96FA55531D624EF100B9391F /* Int+Memory.swift */ = {isa = PBXFileReference; fileEncoding = 4; lastKnownFileType = sourcecode.swift; name = "Int+Memory.swift"; path = "PreFab/Int+Memory.swift"; sourceTree = "<group>"; };
		96FA55541D624EF100B9391F /* Methods.swift */ = {isa = PBXFileReference; fileEncoding = 4; lastKnownFileType = sourcecode.swift; name = Methods.swift; path = PreFab/Methods.swift; sourceTree = "<group>"; };
		96FA55551D624EF100B9391F /* RemoteImageView.swift */ = {isa = PBXFileReference; fileEncoding = 4; lastKnownFileType = sourcecode.swift; name = RemoteImageView.swift; path = PreFab/RemoteImageView.swift; sourceTree = "<group>"; };
		96FA555C1D62A92A00B9391F /* FavoriteRepo.swift */ = {isa = PBXFileReference; fileEncoding = 4; lastKnownFileType = sourcecode.swift; path = FavoriteRepo.swift; sourceTree = "<group>"; };
		96FA555F1D62AE7800B9391F /* AlbumCell.swift */ = {isa = PBXFileReference; fileEncoding = 4; lastKnownFileType = sourcecode.swift; name = AlbumCell.swift; path = Views/AlbumCell.swift; sourceTree = "<group>"; };
		A3D65BEB85E1181DCD5A4A77 /* Pods-Juke.release.xcconfig */ = {isa = PBXFileReference; includeInIndex = 1; lastKnownFileType = text.xcconfig; name = "Pods-Juke.release.xcconfig"; path = "Pods/Target Support Files/Pods-Juke/Pods-Juke.release.xcconfig"; sourceTree = "<group>"; };
		C0D5ADC1AAF944F37D890954 /* Pods-Juke.debug.xcconfig */ = {isa = PBXFileReference; includeInIndex = 1; lastKnownFileType = text.xcconfig; name = "Pods-Juke.debug.xcconfig"; path = "Pods/Target Support Files/Pods-Juke/Pods-Juke.debug.xcconfig"; sourceTree = "<group>"; };
		D5141BD6571F3784C37BF845 /* Pods_Juke.framework */ = {isa = PBXFileReference; explicitFileType = wrapper.framework; includeInIndex = 0; path = Pods_Juke.framework; sourceTree = BUILT_PRODUCTS_DIR; };
/* End PBXFileReference section */

/* Begin PBXFrameworksBuildPhase section */
		96250A6F1D5FAEFA0029E366 /* Frameworks */ = {
			isa = PBXFrameworksBuildPhase;
			buildActionMask = 2147483647;
			files = (
				B4117F802DE88127DCE104A2 /* Pods_Juke.framework in Frameworks */,
			);
			runOnlyForDeploymentPostprocessing = 0;
		};
		96250A861D5FAEFB0029E366 /* Frameworks */ = {
			isa = PBXFrameworksBuildPhase;
			buildActionMask = 2147483647;
			files = (
				904EB9F30BD07C1CA861A306 /* Pods_JukeTests.framework in Frameworks */,
			);
			runOnlyForDeploymentPostprocessing = 0;
		};
/* End PBXFrameworksBuildPhase section */

/* Begin PBXGroup section */
		96250A691D5FAEFA0029E366 = {
			isa = PBXGroup;
			children = (
				96250A741D5FAEFA0029E366 /* Juke */,
				96250A8C1D5FAEFB0029E366 /* JukeTests */,
				96250A731D5FAEFA0029E366 /* Products */,
				F49A79E0979826C0B9C7A05F /* Pods */,
				9B4FCB9BD56A72C43B9C7735 /* Frameworks */,
			);
			sourceTree = "<group>";
		};
		96250A731D5FAEFA0029E366 /* Products */ = {
			isa = PBXGroup;
			children = (
				96250A721D5FAEFA0029E366 /* Juke.app */,
				96250A891D5FAEFB0029E366 /* JukeTests.xctest */,
			);
			name = Products;
			sourceTree = "<group>";
		};
		96250A741D5FAEFA0029E366 /* Juke */ = {
			isa = PBXGroup;
			children = (
				96FA555E1D62AE4700B9391F /* Views */,
				96250A981D5FAF0D0029E366 /* Utilities */,
				96250A751D5FAEFA0029E366 /* AppDelegate.swift */,
				96250A771D5FAEFA0029E366 /* ViewController.swift */,
				96250A7F1D5FAEFA0029E366 /* Assets.xcassets */,
				96250A811D5FAEFA0029E366 /* LaunchScreen.storyboard */,
				96250A841D5FAEFA0029E366 /* Info.plist */,
				96250A7C1D5FAEFA0029E366 /* Juke.xcdatamodeld */,
			);
			path = Juke;
			sourceTree = "<group>";
		};
		96250A8C1D5FAEFB0029E366 /* JukeTests */ = {
			isa = PBXGroup;
			children = (
				96250A8D1D5FAEFB0029E366 /* JukeTests.swift */,
				96250A8F1D5FAEFB0029E366 /* Info.plist */,
			);
			path = JukeTests;
			sourceTree = "<group>";
		};
		96250A981D5FAF0D0029E366 /* Utilities */ = {
			isa = PBXGroup;
			children = (
				96FA554F1D624ECC00B9391F /* PreFab */,
				96250A9A1D5FAF0D0029E366 /* Spotify.swift */,
				96FA555C1D62A92A00B9391F /* FavoriteRepo.swift */,
			);
			path = Utilities;
			sourceTree = "<group>";
		};
		96FA554F1D624ECC00B9391F /* PreFab */ = {
			isa = PBXGroup;
			children = (
				96FA55501D624EF100B9391F /* ArrayDataSource.swift */,
				96FA55511D624EF100B9391F /* HTTP.swift */,
				96FA55521D624EF100B9391F /* ImageLoad.swift */,
				96FA55531D624EF100B9391F /* Int+Memory.swift */,
				96FA55541D624EF100B9391F /* Methods.swift */,
				96FA55551D624EF100B9391F /* RemoteImageView.swift */,
			);
			name = PreFab;
			sourceTree = "<group>";
		};
		96FA555E1D62AE4700B9391F /* Views */ = {
			isa = PBXGroup;
			children = (
				96FA555F1D62AE7800B9391F /* AlbumCell.swift */,
			);
			name = Views;
			sourceTree = "<group>";
		};
		9B4FCB9BD56A72C43B9C7735 /* Frameworks */ = {
			isa = PBXGroup;
			children = (
				D5141BD6571F3784C37BF845 /* Pods_Juke.framework */,
				7BD34125C3F0CFC42EB8808B /* Pods_JukeTests.framework */,
			);
			name = Frameworks;
			sourceTree = "<group>";
		};
		F49A79E0979826C0B9C7A05F /* Pods */ = {
			isa = PBXGroup;
			children = (
				C0D5ADC1AAF944F37D890954 /* Pods-Juke.debug.xcconfig */,
				A3D65BEB85E1181DCD5A4A77 /* Pods-Juke.release.xcconfig */,
				37026CBBF01ADF7F56C4CF94 /* Pods-JukeTests.debug.xcconfig */,
				41213106513CFEA24F3600ED /* Pods-JukeTests.release.xcconfig */,
			);
			name = Pods;
			sourceTree = "<group>";
		};
/* End PBXGroup section */

/* Begin PBXNativeTarget section */
		96250A711D5FAEFA0029E366 /* Juke */ = {
			isa = PBXNativeTarget;
			buildConfigurationList = 96250A921D5FAEFB0029E366 /* Build configuration list for PBXNativeTarget "Juke" */;
			buildPhases = (
				BEB6B340527F1616A318B5A0 /* [CP] Check Pods Manifest.lock */,
				96250A6E1D5FAEFA0029E366 /* Sources */,
				96250A6F1D5FAEFA0029E366 /* Frameworks */,
				96250A701D5FAEFA0029E366 /* Resources */,
				1FF88E54AA77410BAE4B4A4A /* [CP] Embed Pods Frameworks */,
				9E1A3A843D3B25FCACA01628 /* [CP] Copy Pods Resources */,
			);
			buildRules = (
			);
			dependencies = (
			);
			name = Juke;
			productName = Juke;
			productReference = 96250A721D5FAEFA0029E366 /* Juke.app */;
			productType = "com.apple.product-type.application";
		};
		96250A881D5FAEFB0029E366 /* JukeTests */ = {
			isa = PBXNativeTarget;
			buildConfigurationList = 96250A951D5FAEFB0029E366 /* Build configuration list for PBXNativeTarget "JukeTests" */;
			buildPhases = (
				B31A1D181E564D9FE5576E41 /* [CP] Check Pods Manifest.lock */,
				96250A851D5FAEFB0029E366 /* Sources */,
				96250A861D5FAEFB0029E366 /* Frameworks */,
				96250A871D5FAEFB0029E366 /* Resources */,
				7537E015135809A7C7640CE7 /* [CP] Embed Pods Frameworks */,
				9C48744290E284DFA3C82C8F /* [CP] Copy Pods Resources */,
			);
			buildRules = (
			);
			dependencies = (
				96250A8B1D5FAEFB0029E366 /* PBXTargetDependency */,
			);
			name = JukeTests;
			productName = JukeTests;
			productReference = 96250A891D5FAEFB0029E366 /* JukeTests.xctest */;
			productType = "com.apple.product-type.bundle.unit-test";
		};
/* End PBXNativeTarget section */

/* Begin PBXProject section */
		96250A6A1D5FAEFA0029E366 /* Project object */ = {
			isa = PBXProject;
			attributes = {
				LastSwiftUpdateCheck = 0730;
				LastUpgradeCheck = 0730;
				ORGANIZATIONNAME = "Jeffery Trespalacios";
				TargetAttributes = {
					96250A711D5FAEFA0029E366 = {
						CreatedOnToolsVersion = 7.3.1;
					};
					96250A881D5FAEFB0029E366 = {
						CreatedOnToolsVersion = 7.3.1;
						TestTargetID = 96250A711D5FAEFA0029E366;
					};
				};
			};
			buildConfigurationList = 96250A6D1D5FAEFA0029E366 /* Build configuration list for PBXProject "Juke" */;
			compatibilityVersion = "Xcode 3.2";
			developmentRegion = English;
			hasScannedForEncodings = 0;
			knownRegions = (
				en,
				Base,
			);
			mainGroup = 96250A691D5FAEFA0029E366;
			productRefGroup = 96250A731D5FAEFA0029E366 /* Products */;
			projectDirPath = "";
			projectRoot = "";
			targets = (
				96250A711D5FAEFA0029E366 /* Juke */,
				96250A881D5FAEFB0029E366 /* JukeTests */,
			);
		};
/* End PBXProject section */

/* Begin PBXResourcesBuildPhase section */
		96250A701D5FAEFA0029E366 /* Resources */ = {
			isa = PBXResourcesBuildPhase;
			buildActionMask = 2147483647;
			files = (
				96250A831D5FAEFA0029E366 /* LaunchScreen.storyboard in Resources */,
				96250A801D5FAEFA0029E366 /* Assets.xcassets in Resources */,
			);
			runOnlyForDeploymentPostprocessing = 0;
		};
		96250A871D5FAEFB0029E366 /* Resources */ = {
			isa = PBXResourcesBuildPhase;
			buildActionMask = 2147483647;
			files = (
			);
			runOnlyForDeploymentPostprocessing = 0;
		};
/* End PBXResourcesBuildPhase section */

/* Begin PBXShellScriptBuildPhase section */
		1FF88E54AA77410BAE4B4A4A /* [CP] Embed Pods Frameworks */ = {
			isa = PBXShellScriptBuildPhase;
			buildActionMask = 2147483647;
			files = (
			);
			inputPaths = (
			);
			name = "[CP] Embed Pods Frameworks";
			outputPaths = (
			);
			runOnlyForDeploymentPostprocessing = 0;
			shellPath = /bin/sh;
			shellScript = "\"${SRCROOT}/Pods/Target Support Files/Pods-Juke/Pods-Juke-frameworks.sh\"\n";
			showEnvVarsInLog = 0;
		};
		7537E015135809A7C7640CE7 /* [CP] Embed Pods Frameworks */ = {
			isa = PBXShellScriptBuildPhase;
			buildActionMask = 2147483647;
			files = (
			);
			inputPaths = (
			);
			name = "[CP] Embed Pods Frameworks";
			outputPaths = (
			);
			runOnlyForDeploymentPostprocessing = 0;
			shellPath = /bin/sh;
			shellScript = "\"${SRCROOT}/Pods/Target Support Files/Pods-JukeTests/Pods-JukeTests-frameworks.sh\"\n";
			showEnvVarsInLog = 0;
		};
		9C48744290E284DFA3C82C8F /* [CP] Copy Pods Resources */ = {
			isa = PBXShellScriptBuildPhase;
			buildActionMask = 2147483647;
			files = (
			);
			inputPaths = (
			);
			name = "[CP] Copy Pods Resources";
			outputPaths = (
			);
			runOnlyForDeploymentPostprocessing = 0;
			shellPath = /bin/sh;
			shellScript = "\"${SRCROOT}/Pods/Target Support Files/Pods-JukeTests/Pods-JukeTests-resources.sh\"\n";
			showEnvVarsInLog = 0;
		};
		9E1A3A843D3B25FCACA01628 /* [CP] Copy Pods Resources */ = {
			isa = PBXShellScriptBuildPhase;
			buildActionMask = 2147483647;
			files = (
			);
			inputPaths = (
			);
			name = "[CP] Copy Pods Resources";
			outputPaths = (
			);
			runOnlyForDeploymentPostprocessing = 0;
			shellPath = /bin/sh;
			shellScript = "\"${SRCROOT}/Pods/Target Support Files/Pods-Juke/Pods-Juke-resources.sh\"\n";
			showEnvVarsInLog = 0;
		};
		B31A1D181E564D9FE5576E41 /* [CP] Check Pods Manifest.lock */ = {
			isa = PBXShellScriptBuildPhase;
			buildActionMask = 2147483647;
			files = (
			);
			inputPaths = (
			);
			name = "[CP] Check Pods Manifest.lock";
			outputPaths = (
			);
			runOnlyForDeploymentPostprocessing = 0;
			shellPath = /bin/sh;
			shellScript = "diff \"${PODS_ROOT}/../Podfile.lock\" \"${PODS_ROOT}/Manifest.lock\" > /dev/null\nif [[ $? != 0 ]] ; then\n    cat << EOM\nerror: The sandbox is not in sync with the Podfile.lock. Run 'pod install' or update your CocoaPods installation.\nEOM\n    exit 1\nfi\n";
			showEnvVarsInLog = 0;
		};
		BEB6B340527F1616A318B5A0 /* [CP] Check Pods Manifest.lock */ = {
			isa = PBXShellScriptBuildPhase;
			buildActionMask = 2147483647;
			files = (
			);
			inputPaths = (
			);
			name = "[CP] Check Pods Manifest.lock";
			outputPaths = (
			);
			runOnlyForDeploymentPostprocessing = 0;
			shellPath = /bin/sh;
			shellScript = "diff \"${PODS_ROOT}/../Podfile.lock\" \"${PODS_ROOT}/Manifest.lock\" > /dev/null\nif [[ $? != 0 ]] ; then\n    cat << EOM\nerror: The sandbox is not in sync with the Podfile.lock. Run 'pod install' or update your CocoaPods installation.\nEOM\n    exit 1\nfi\n";
			showEnvVarsInLog = 0;
		};
/* End PBXShellScriptBuildPhase section */

/* Begin PBXSourcesBuildPhase section */
		96250A6E1D5FAEFA0029E366 /* Sources */ = {
			isa = PBXSourcesBuildPhase;
			buildActionMask = 2147483647;
			files = (
				96FA55561D624EF100B9391F /* ArrayDataSource.swift in Sources */,
				96FA555A1D624EF100B9391F /* Methods.swift in Sources */,
				96250A781D5FAEFA0029E366 /* ViewController.swift in Sources */,
				96FA555D1D62A92B00B9391F /* FavoriteRepo.swift in Sources */,
				96FA55591D624EF100B9391F /* Int+Memory.swift in Sources */,
				96250A9C1D5FAF0D0029E366 /* Spotify.swift in Sources */,
				96FA55571D624EF100B9391F /* HTTP.swift in Sources */,
				96250A7E1D5FAEFA0029E366 /* Juke.xcdatamodeld in Sources */,
				96250A761D5FAEFA0029E366 /* AppDelegate.swift in Sources */,
				96FA555B1D624EF100B9391F /* RemoteImageView.swift in Sources */,
				96FA55581D624EF100B9391F /* ImageLoad.swift in Sources */,
				96FA55601D62AE7800B9391F /* AlbumCell.swift in Sources */,
			);
			runOnlyForDeploymentPostprocessing = 0;
		};
		96250A851D5FAEFB0029E366 /* Sources */ = {
			isa = PBXSourcesBuildPhase;
			buildActionMask = 2147483647;
			files = (
				96250A8E1D5FAEFB0029E366 /* JukeTests.swift in Sources */,
			);
			runOnlyForDeploymentPostprocessing = 0;
		};
/* End PBXSourcesBuildPhase section */

/* Begin PBXTargetDependency section */
		96250A8B1D5FAEFB0029E366 /* PBXTargetDependency */ = {
			isa = PBXTargetDependency;
			target = 96250A711D5FAEFA0029E366 /* Juke */;
			targetProxy = 96250A8A1D5FAEFB0029E366 /* PBXContainerItemProxy */;
		};
/* End PBXTargetDependency section */

/* Begin PBXVariantGroup section */
		96250A811D5FAEFA0029E366 /* LaunchScreen.storyboard */ = {
			isa = PBXVariantGroup;
			children = (
				96250A821D5FAEFA0029E366 /* Base */,
			);
			name = LaunchScreen.storyboard;
			sourceTree = "<group>";
		};
/* End PBXVariantGroup section */

/* Begin XCBuildConfiguration section */
		96250A901D5FAEFB0029E366 /* Debug */ = {
			isa = XCBuildConfiguration;
			buildSettings = {
				ALWAYS_SEARCH_USER_PATHS = NO;
				CLANG_ANALYZER_NONNULL = YES;
				CLANG_CXX_LANGUAGE_STANDARD = "gnu++0x";
				CLANG_CXX_LIBRARY = "libc++";
				CLANG_ENABLE_MODULES = YES;
				CLANG_ENABLE_OBJC_ARC = YES;
				CLANG_WARN_BOOL_CONVERSION = YES;
				CLANG_WARN_CONSTANT_CONVERSION = YES;
				CLANG_WARN_DIRECT_OBJC_ISA_USAGE = YES_ERROR;
				CLANG_WARN_EMPTY_BODY = YES;
				CLANG_WARN_ENUM_CONVERSION = YES;
				CLANG_WARN_INT_CONVERSION = YES;
				CLANG_WARN_OBJC_ROOT_CLASS = YES_ERROR;
				CLANG_WARN_UNREACHABLE_CODE = YES;
				CLANG_WARN__DUPLICATE_METHOD_MATCH = YES;
				"CODE_SIGN_IDENTITY[sdk=iphoneos*]" = "iPhone Developer";
				COPY_PHASE_STRIP = NO;
				DEBUG_INFORMATION_FORMAT = dwarf;
				ENABLE_STRICT_OBJC_MSGSEND = YES;
				ENABLE_TESTABILITY = YES;
				GCC_C_LANGUAGE_STANDARD = gnu99;
				GCC_DYNAMIC_NO_PIC = NO;
				GCC_NO_COMMON_BLOCKS = YES;
				GCC_OPTIMIZATION_LEVEL = 0;
				GCC_PREPROCESSOR_DEFINITIONS = (
					"DEBUG=1",
					"$(inherited)",
				);
				GCC_WARN_64_TO_32_BIT_CONVERSION = YES;
				GCC_WARN_ABOUT_RETURN_TYPE = YES_ERROR;
				GCC_WARN_UNDECLARED_SELECTOR = YES;
				GCC_WARN_UNINITIALIZED_AUTOS = YES_AGGRESSIVE;
				GCC_WARN_UNUSED_FUNCTION = YES;
				GCC_WARN_UNUSED_VARIABLE = YES;
				IPHONEOS_DEPLOYMENT_TARGET = 9.3;
				MTL_ENABLE_DEBUG_INFO = YES;
				ONLY_ACTIVE_ARCH = YES;
				SDKROOT = iphoneos;
				SWIFT_OPTIMIZATION_LEVEL = "-Onone";
				TARGETED_DEVICE_FAMILY = "1,2";
			};
			name = Debug;
		};
		96250A911D5FAEFB0029E366 /* Release */ = {
			isa = XCBuildConfiguration;
			buildSettings = {
				ALWAYS_SEARCH_USER_PATHS = NO;
				CLANG_ANALYZER_NONNULL = YES;
				CLANG_CXX_LANGUAGE_STANDARD = "gnu++0x";
				CLANG_CXX_LIBRARY = "libc++";
				CLANG_ENABLE_MODULES = YES;
				CLANG_ENABLE_OBJC_ARC = YES;
				CLANG_WARN_BOOL_CONVERSION = YES;
				CLANG_WARN_CONSTANT_CONVERSION = YES;
				CLANG_WARN_DIRECT_OBJC_ISA_USAGE = YES_ERROR;
				CLANG_WARN_EMPTY_BODY = YES;
				CLANG_WARN_ENUM_CONVERSION = YES;
				CLANG_WARN_INT_CONVERSION = YES;
				CLANG_WARN_OBJC_ROOT_CLASS = YES_ERROR;
				CLANG_WARN_UNREACHABLE_CODE = YES;
				CLANG_WARN__DUPLICATE_METHOD_MATCH = YES;
				"CODE_SIGN_IDENTITY[sdk=iphoneos*]" = "iPhone Developer";
				COPY_PHASE_STRIP = NO;
				DEBUG_INFORMATION_FORMAT = "dwarf-with-dsym";
				ENABLE_NS_ASSERTIONS = NO;
				ENABLE_STRICT_OBJC_MSGSEND = YES;
				GCC_C_LANGUAGE_STANDARD = gnu99;
				GCC_NO_COMMON_BLOCKS = YES;
				GCC_WARN_64_TO_32_BIT_CONVERSION = YES;
				GCC_WARN_ABOUT_RETURN_TYPE = YES_ERROR;
				GCC_WARN_UNDECLARED_SELECTOR = YES;
				GCC_WARN_UNINITIALIZED_AUTOS = YES_AGGRESSIVE;
				GCC_WARN_UNUSED_FUNCTION = YES;
				GCC_WARN_UNUSED_VARIABLE = YES;
				IPHONEOS_DEPLOYMENT_TARGET = 9.3;
				MTL_ENABLE_DEBUG_INFO = NO;
				SDKROOT = iphoneos;
				TARGETED_DEVICE_FAMILY = "1,2";
				VALIDATE_PRODUCT = YES;
			};
			name = Release;
		};
		96250A931D5FAEFB0029E366 /* Debug */ = {
			isa = XCBuildConfiguration;
			baseConfigurationReference = C0D5ADC1AAF944F37D890954 /* Pods-Juke.debug.xcconfig */;
			buildSettings = {
				ASSETCATALOG_COMPILER_APPICON_NAME = AppIcon;
				INFOPLIST_FILE = Juke/Info.plist;
				LD_RUNPATH_SEARCH_PATHS = "$(inherited) @executable_path/Frameworks";
				OTHER_SWIFT_FLAGS = "$(inherited) -DDEBUG";
				PRODUCT_BUNDLE_IDENTIFIER = co.j3p.Juke;
				PRODUCT_NAME = "$(TARGET_NAME)";
			};
			name = Debug;
		};
		96250A941D5FAEFB0029E366 /* Release */ = {
			isa = XCBuildConfiguration;
			baseConfigurationReference = A3D65BEB85E1181DCD5A4A77 /* Pods-Juke.release.xcconfig */;
			buildSettings = {
				ASSETCATALOG_COMPILER_APPICON_NAME = AppIcon;
				INFOPLIST_FILE = Juke/Info.plist;
				LD_RUNPATH_SEARCH_PATHS = "$(inherited) @executable_path/Frameworks";
				PRODUCT_BUNDLE_IDENTIFIER = co.j3p.Juke;
				PRODUCT_NAME = "$(TARGET_NAME)";
			};
			name = Release;
		};
		96250A961D5FAEFB0029E366 /* Debug */ = {
			isa = XCBuildConfiguration;
			baseConfigurationReference = 37026CBBF01ADF7F56C4CF94 /* Pods-JukeTests.debug.xcconfig */;
			buildSettings = {
				BUNDLE_LOADER = "$(TEST_HOST)";
				INFOPLIST_FILE = JukeTests/Info.plist;
				LD_RUNPATH_SEARCH_PATHS = "$(inherited) @executable_path/Frameworks @loader_path/Frameworks";
				PRODUCT_BUNDLE_IDENTIFIER = co.j3p.JukeTests;
				PRODUCT_NAME = "$(TARGET_NAME)";
				TEST_HOST = "$(BUILT_PRODUCTS_DIR)/Juke.app/Juke";
			};
			name = Debug;
		};
		96250A971D5FAEFB0029E366 /* Release */ = {
			isa = XCBuildConfiguration;
			baseConfigurationReference = 41213106513CFEA24F3600ED /* Pods-JukeTests.release.xcconfig */;
			buildSettings = {
				BUNDLE_LOADER = "$(TEST_HOST)";
				INFOPLIST_FILE = JukeTests/Info.plist;
				LD_RUNPATH_SEARCH_PATHS = "$(inherited) @executable_path/Frameworks @loader_path/Frameworks";
				PRODUCT_BUNDLE_IDENTIFIER = co.j3p.JukeTests;
				PRODUCT_NAME = "$(TARGET_NAME)";
				TEST_HOST = "$(BUILT_PRODUCTS_DIR)/Juke.app/Juke";
			};
			name = Release;
		};
/* End XCBuildConfiguration section */

/* Begin XCConfigurationList section */
		96250A6D1D5FAEFA0029E366 /* Build configuration list for PBXProject "Juke" */ = {
			isa = XCConfigurationList;
			buildConfigurations = (
				96250A901D5FAEFB0029E366 /* Debug */,
				96250A911D5FAEFB0029E366 /* Release */,
			);
			defaultConfigurationIsVisible = 0;
			defaultConfigurationName = Release;
		};
		96250A921D5FAEFB0029E366 /* Build configuration list for PBXNativeTarget "Juke" */ = {
			isa = XCConfigurationList;
			buildConfigurations = (
				96250A931D5FAEFB0029E366 /* Debug */,
				96250A941D5FAEFB0029E366 /* Release */,
			);
			defaultConfigurationIsVisible = 0;
			defaultConfigurationName = Release;
		};
		96250A951D5FAEFB0029E366 /* Build configuration list for PBXNativeTarget "JukeTests" */ = {
			isa = XCConfigurationList;
			buildConfigurations = (
				96250A961D5FAEFB0029E366 /* Debug */,
				96250A971D5FAEFB0029E366 /* Release */,
			);
			defaultConfigurationIsVisible = 0;
			defaultConfigurationName = Release;
		};
/* End XCConfigurationList section */

/* Begin XCVersionGroup section */
		96250A7C1D5FAEFA0029E366 /* Juke.xcdatamodeld */ = {
			isa = XCVersionGroup;
			children = (
				96250A7D1D5FAEFA0029E366 /* Juke.xcdatamodel */,
			);
			currentVersion = 96250A7D1D5FAEFA0029E366 /* Juke.xcdatamodel */;
			path = Juke.xcdatamodeld;
			sourceTree = "<group>";
			versionGroupType = wrapper.xcdatamodel;
		};
/* End XCVersionGroup section */
	};
	rootObject = 96250A6A1D5FAEFA0029E366 /* Project object */;
}
